{
  "name": "signalk-n2kais-to-nmea0183",
  "version": "1.2.5",
  "lockfileVersion": 1,
  "requires": true,
  "dependencies": {
    "ggencoder": {
      "version": "1.0.4",
      "resolved": "https://registry.npmjs.org/ggencoder/-/ggencoder-1.0.4.tgz",
      "integrity": "sha512-DGqEuKf3PtWhIE7E8LwlryW3oZaCY5JfXV8r91JwH7rFvcUTDUiBbabNYxstidst8SQUNVYS3PSqTBYYGN9vDg=="
    }
  }
}
